
Microsoft Visual Studio Solution File, Format Version 12.00
# Visual Studio 15
VisualStudioVersion = 15.0.27703.2035
MinimumVisualStudioVersion = 10.0.40219.1
Project("{FAE04EC0-301F-11D3-BF4B-00C04F79EFBC}") = "Trash_Collector", "Trash_Collector\Trash_Collector.csproj", "{0F3B3CFF-B817-4D10-BC3C-6D25351DC120}"
EndProject
Global
	GlobalSection(SolutionConfigurationPlatforms) = preSolution
		Debug|Any CPU = Debug|Any CPU
		Release|Any CPU = Release|Any CPU
	EndGlobalSection
	GlobalSection(ProjectConfigurationPlatforms) = postSolution
		{0F3B3CFF-B817-4D10-BC3C-6D25351DC120}.Debug|Any CPU.ActiveCfg = Debug|Any CPU
		{0F3B3CFF-B817-4D10-BC3C-6D25351DC120}.Debug|Any CPU.Build.0 = Debug|Any CPU
		{0F3B3CFF-B817-4D10-BC3C-6D25351DC120}.Release|Any CPU.ActiveCfg = Release|Any CPU
		{0F3B3CFF-B817-4D10-BC3C-6D25351DC120}.Release|Any CPU.Build.0 = Release|Any CPU
	EndGlobalSection
	GlobalSection(SolutionProperties) = preSolution
		HideSolutionNode = FALSE
	EndGlobalSection
	GlobalSection(ExtensibilityGlobals) = postSolution
		SolutionGuid = {2A8ED252-6557-4C7F-849E-2EE99B89511D}
	EndGlobalSection
EndGlobal
